
Microsoft Visual Studio Solution File, Format Version 12.00
# Visual Studio Version 17
VisualStudioVersion = 17.7.34221.43
MinimumVisualStudioVersion = 10.0.40219.1
Project("{F184B08F-C81C-45F6-A57F-5ABD9991F28F}") = "jogoDaSorte", "jogoDaSorte\jogoDaSorte.vbproj", "{B7BD0E48-9189-4E8D-8E13-2EEFADD98A8F}"
EndProject
Global
	GlobalSection(SolutionConfigurationPlatforms) = preSolution
		Debug|Any CPU = Debug|Any CPU
		Release|Any CPU = Release|Any CPU
	EndGlobalSection
	GlobalSection(ProjectConfigurationPlatforms) = postSolution
		{B7BD0E48-9189-4E8D-8E13-2EEFADD98A8F}.Debug|Any CPU.ActiveCfg = Debug|Any CPU
		{B7BD0E48-9189-4E8D-8E13-2EEFADD98A8F}.Debug|Any CPU.Build.0 = Debug|Any CPU
		{B7BD0E48-9189-4E8D-8E13-2EEFADD98A8F}.Release|Any CPU.ActiveCfg = Release|Any CPU
		{B7BD0E48-9189-4E8D-8E13-2EEFADD98A8F}.Release|Any CPU.Build.0 = Release|Any CPU
	EndGlobalSection
	GlobalSection(SolutionProperties) = preSolution
		HideSolutionNode = FALSE
	EndGlobalSection
	GlobalSection(ExtensibilityGlobals) = postSolution
		SolutionGuid = {A54CFACB-2061-4441-9D97-9A15421F7D52}
	EndGlobalSection
EndGlobal
